
Microsoft Visual Studio Solution File, Format Version 12.00
# Visual Studio Version 17
VisualStudioVersion = 17.13.35913.81 d17.13
MinimumVisualStudioVersion = 10.0.40219.1
Project("{FAE04EC0-301F-11D3-BF4B-00C04F79EFBC}") = "MyApp.Backend", "MyApp.Backend.csproj", "{C3879660-96DA-7468-9B20-1BF74F4B4970}"
EndProject
Global
	GlobalSection(SolutionConfigurationPlatforms) = preSolution
		Debug|Any CPU = Debug|Any CPU
		Release|Any CPU = Release|Any CPU
	EndGlobalSection
	GlobalSection(ProjectConfigurationPlatforms) = postSolution
		{C3879660-96DA-7468-9B20-1BF74F4B4970}.Debug|Any CPU.ActiveCfg = Debug|Any CPU
		{C3879660-96DA-7468-9B20-1BF74F4B4970}.Debug|Any CPU.Build.0 = Debug|Any CPU
		{C3879660-96DA-7468-9B20-1BF74F4B4970}.Release|Any CPU.ActiveCfg = Release|Any CPU
		{C3879660-96DA-7468-9B20-1BF74F4B4970}.Release|Any CPU.Build.0 = Release|Any CPU
	EndGlobalSection
	GlobalSection(SolutionProperties) = preSolution
		HideSolutionNode = FALSE
	EndGlobalSection
	GlobalSection(ExtensibilityGlobals) = postSolution
		SolutionGuid = {2A51DA93-0B84-460D-B008-743F92F2D8A4}
	EndGlobalSection
EndGlobal
